
Microsoft Visual Studio Solution File, Format Version 12.00
# Visual Studio Version 16
VisualStudioVersion = 16.0.32002.261
MinimumVisualStudioVersion = 10.0.40219.1
Project("{FAE04EC0-301F-11D3-BF4B-00C04F79EFBC}") = "web_api", "web_api\web_api.csproj", "{22E31912-9305-4DA4-BEFA-722FFD99BBEF}"
EndProject
Global
	GlobalSection(SolutionConfigurationPlatforms) = preSolution
		Debug|Any CPU = Debug|Any CPU
		Release|Any CPU = Release|Any CPU
	EndGlobalSection
	GlobalSection(ProjectConfigurationPlatforms) = postSolution
		{22E31912-9305-4DA4-BEFA-722FFD99BBEF}.Debug|Any CPU.ActiveCfg = Debug|Any CPU
		{22E31912-9305-4DA4-BEFA-722FFD99BBEF}.Debug|Any CPU.Build.0 = Debug|Any CPU
		{22E31912-9305-4DA4-BEFA-722FFD99BBEF}.Release|Any CPU.ActiveCfg = Release|Any CPU
		{22E31912-9305-4DA4-BEFA-722FFD99BBEF}.Release|Any CPU.Build.0 = Release|Any CPU
	EndGlobalSection
	GlobalSection(SolutionProperties) = preSolution
		HideSolutionNode = FALSE
	EndGlobalSection
	GlobalSection(ExtensibilityGlobals) = postSolution
		SolutionGuid = {B99EAEED-A6D7-4C66-B94C-11F52E8DCFE9}
	EndGlobalSection
EndGlobal
